
Microsoft Visual Studio Solution File, Format Version 9.00
# Visual Studio 2005
Project("{8BC9CEB8-8B4A-11D0-8D11-00A0C91BC942}") = "testmutex", "testmutex\testmutex.vcproj", "{396DEE1D-62C8-4512-B26E-F3EEF10653F9}"
EndProject
Project("{8BC9CEB8-8B4A-11D0-8D11-00A0C91BC942}") = "testcond", "testcond\testcond.vcproj", "{7B5F8994-2529-4148-AD91-4875168B8467}"
EndProject
Project("{8BC9CEB8-8B4A-11D0-8D11-00A0C91BC942}") = "testmempool", "testmempool\testmempool.vcproj", "{4AB11CC9-5965-411B-AED2-B4923CAC7AF6}"
EndProject
Project("{8BC9CEB8-8B4A-11D0-8D11-00A0C91BC942}") = "testring", "testring\testring.vcproj", "{AE19F212-96E1-405F-958F-5F6D6CC3BCD1}"
EndProject
Global
	GlobalSection(SolutionConfigurationPlatforms) = preSolution
		Debug|Win32 = Debug|Win32
		Release|Win32 = Release|Win32
	EndGlobalSection
	GlobalSection(ProjectConfigurationPlatforms) = postSolution
		{396DEE1D-62C8-4512-B26E-F3EEF10653F9}.Debug|Win32.ActiveCfg = Debug|Win32
		{396DEE1D-62C8-4512-B26E-F3EEF10653F9}.Debug|Win32.Build.0 = Debug|Win32
		{396DEE1D-62C8-4512-B26E-F3EEF10653F9}.Release|Win32.ActiveCfg = Release|Win32
		{396DEE1D-62C8-4512-B26E-F3EEF10653F9}.Release|Win32.Build.0 = Release|Win32
		{7B5F8994-2529-4148-AD91-4875168B8467}.Debug|Win32.ActiveCfg = Debug|Win32
		{7B5F8994-2529-4148-AD91-4875168B8467}.Debug|Win32.Build.0 = Debug|Win32
		{7B5F8994-2529-4148-AD91-4875168B8467}.Release|Win32.ActiveCfg = Release|Win32
		{7B5F8994-2529-4148-AD91-4875168B8467}.Release|Win32.Build.0 = Release|Win32
		{4AB11CC9-5965-411B-AED2-B4923CAC7AF6}.Debug|Win32.ActiveCfg = Debug|Win32
		{4AB11CC9-5965-411B-AED2-B4923CAC7AF6}.Debug|Win32.Build.0 = Debug|Win32
		{4AB11CC9-5965-411B-AED2-B4923CAC7AF6}.Release|Win32.ActiveCfg = Release|Win32
		{4AB11CC9-5965-411B-AED2-B4923CAC7AF6}.Release|Win32.Build.0 = Release|Win32
		{AE19F212-96E1-405F-958F-5F6D6CC3BCD1}.Debug|Win32.ActiveCfg = Debug|Win32
		{AE19F212-96E1-405F-958F-5F6D6CC3BCD1}.Debug|Win32.Build.0 = Debug|Win32
		{AE19F212-96E1-405F-958F-5F6D6CC3BCD1}.Release|Win32.ActiveCfg = Release|Win32
		{AE19F212-96E1-405F-958F-5F6D6CC3BCD1}.Release|Win32.Build.0 = Release|Win32
	EndGlobalSection
	GlobalSection(SolutionProperties) = preSolution
		HideSolutionNode = FALSE
	EndGlobalSection
EndGlobal
